{
    "_readme": [
        "This file locks the dependencies of your project to a known state",
        "Read more about it at https://getcomposer.org/doc/01-basic-usage.md#installing-dependencies",
        "This file is @generated automatically"
    ],
    "content-hash": "2d6618b465dab9e2bd7e09e80ff110f3",
    "packages": [
        {
            "name": "chipslays/telegraph",
            "version": "5.0.1",
            "source": {
                "type": "git",
                "url": "https://github.com/chipslays/telegraph.git",
                "reference": "b25eb4d784b266d209bbf5ecda18a3e67268f335"
            },
            "dist": {
                "type": "zip",
                "url": "https://api.github.com/repos/chipslays/telegraph/zipball/b25eb4d784b266d209bbf5ecda18a3e67268f335",
                "reference": "b25eb4d784b266d209bbf5ecda18a3e67268f335",
                "shasum": ""
            },
            "require-dev": {
                "symfony/var-dumper": "^7.3"
            },
            "type": "library",
            "autoload": {
                "psr-4": {
                    "Telegraph\\": "src/"
                }
            },
            "notification-url": "https://packagist.org/downloads/",
            "license": [
                "MIT"
            ],
            "description": "Telegraph API Client for PHP",
            "keywords": [
                "api",
                "client",
                "telegraph",
                "wrapper"
            ],
            "support": {
                "issues": "https://github.com/chipslays/telegraph/issues",
                "source": "https://github.com/chipslays/telegraph/tree/5.0.1"
            },
            "time": "2025-10-28T08:47:49+00:00"
        },
        {
            "name": "league/csv",
            "version": "9.28.0",
            "source": {
                "type": "git",
                "url": "https://github.com/thephpleague/csv.git",
                "reference": "6582ace29ae09ba5b07049d40ea13eb19c8b5073"
            },
            "dist": {
                "type": "zip",
                "url": "https://api.github.com/repos/thephpleague/csv/zipball/6582ace29ae09ba5b07049d40ea13eb19c8b5073",
                "reference": "6582ace29ae09ba5b07049d40ea13eb19c8b5073",
                "shasum": ""
            },
            "require": {
                "ext-filter": "*",
                "php": "^8.1.2"
            },
            "require-dev": {
                "ext-dom": "*",
                "ext-xdebug": "*",
                "friendsofphp/php-cs-fixer": "^3.92.3",
                "phpbench/phpbench": "^1.4.3",
                "phpstan/phpstan": "^1.12.32",
                "phpstan/phpstan-deprecation-rules": "^1.2.1",
                "phpstan/phpstan-phpunit": "^1.4.2",
                "phpstan/phpstan-strict-rules": "^1.6.2",
                "phpunit/phpunit": "^10.5.16 || ^11.5.22 || ^12.5.4",
                "symfony/var-dumper": "^6.4.8 || ^7.4.0 || ^8.0"
            },
            "suggest": {
                "ext-dom": "Required to use the XMLConverter and the HTMLConverter classes",
                "ext-iconv": "Needed to ease transcoding CSV using iconv stream filters",
                "ext-mbstring": "Needed to ease transcoding CSV using mb stream filters",
                "ext-mysqli": "Requiered to use the package with the MySQLi extension",
                "ext-pdo": "Required to use the package with the PDO extension",
                "ext-pgsql": "Requiered to use the package with the PgSQL extension",
                "ext-sqlite3": "Required to use the package with the SQLite3 extension"
            },
            "type": "library",
            "extra": {
                "branch-alias": {
                    "dev-master": "9.x-dev"
                }
            },
            "autoload": {
                "files": [
                    "src/functions_include.php"
                ],
                "psr-4": {
                    "League\\Csv\\": "src"
                }
            },
            "notification-url": "https://packagist.org/downloads/",
            "license": [
                "MIT"
            ],
            "authors": [
                {
                    "name": "Ignace Nyamagana Butera",
                    "email": "nyamsprod@gmail.com",
                    "homepage": "https://github.com/nyamsprod/",
                    "role": "Developer"
                }
            ],
            "description": "CSV data manipulation made easy in PHP",
            "homepage": "https://csv.thephpleague.com",
            "keywords": [
                "convert",
                "csv",
                "export",
                "filter",
                "import",
                "read",
                "transform",
                "write"
            ],
            "support": {
                "docs": "https://csv.thephpleague.com",
                "issues": "https://github.com/thephpleague/csv/issues",
                "rss": "https://github.com/thephpleague/csv/releases.atom",
                "source": "https://github.com/thephpleague/csv"
            },
            "funding": [
                {
                    "url": "https://github.com/sponsors/nyamsprod",
                    "type": "github"
                }
            ],
            "time": "2025-12-27T15:18:42+00:00"
        }
    ],
    "packages-dev": [],
    "aliases": [],
    "minimum-stability": "stable",
    "stability-flags": {},
    "prefer-stable": false,
    "prefer-lowest": false,
    "platform": {},
    "platform-dev": {},
    "plugin-api-version": "2.9.0"
}
